
Microsoft Visual Studio Solution File, Format Version 12.00
# Visual Studio Version 17
VisualStudioVersion = 17.4.33205.214
MinimumVisualStudioVersion = 10.0.40219.1
Project("{FAE04EC0-301F-11D3-BF4B-00C04F79EFBC}") = "ProyectoConcesionaria", "ProyectoConcesionaria.csproj", "{B0509252-6BCA-4E4A-B009-71740305038D}"
EndProject
Global
	GlobalSection(SolutionConfigurationPlatforms) = preSolution
		Debug|Any CPU = Debug|Any CPU
		Release|Any CPU = Release|Any CPU
	EndGlobalSection
	GlobalSection(ProjectConfigurationPlatforms) = postSolution
		{B0509252-6BCA-4E4A-B009-71740305038D}.Debug|Any CPU.ActiveCfg = Debug|Any CPU
		{B0509252-6BCA-4E4A-B009-71740305038D}.Debug|Any CPU.Build.0 = Debug|Any CPU
		{B0509252-6BCA-4E4A-B009-71740305038D}.Release|Any CPU.ActiveCfg = Release|Any CPU
		{B0509252-6BCA-4E4A-B009-71740305038D}.Release|Any CPU.Build.0 = Release|Any CPU
	EndGlobalSection
	GlobalSection(SolutionProperties) = preSolution
		HideSolutionNode = FALSE
	EndGlobalSection
	GlobalSection(ExtensibilityGlobals) = postSolution
		SolutionGuid = {610787AA-8872-4D86-A2C0-09E8DE114FF5}
	EndGlobalSection
EndGlobal
